
Microsoft Visual Studio Solution File, Format Version 11.00
# Visual Studio 2010
Project("{FAE04EC0-301F-11D3-BF4B-00C04F79EFBC}") = "K2Gateway", "K2Gateway.csproj", "{C9B5044D-E84C-4C7B-B7C9-F0FD7EFDDE3C}"
EndProject
Global
	GlobalSection(SolutionConfigurationPlatforms) = preSolution
		Debug|Any CPU = Debug|Any CPU
		REL32|Any CPU = REL32|Any CPU
		Rel64|Any CPU = Rel64|Any CPU
		Release|Any CPU = Release|Any CPU
	EndGlobalSection
	GlobalSection(ProjectConfigurationPlatforms) = postSolution
		{C9B5044D-E84C-4C7B-B7C9-F0FD7EFDDE3C}.Debug|Any CPU.ActiveCfg = Debug|Any CPU
		{C9B5044D-E84C-4C7B-B7C9-F0FD7EFDDE3C}.Debug|Any CPU.Build.0 = Debug|Any CPU
		{C9B5044D-E84C-4C7B-B7C9-F0FD7EFDDE3C}.REL32|Any CPU.ActiveCfg = REL32|Any CPU
		{C9B5044D-E84C-4C7B-B7C9-F0FD7EFDDE3C}.REL32|Any CPU.Build.0 = REL32|Any CPU
		{C9B5044D-E84C-4C7B-B7C9-F0FD7EFDDE3C}.Rel64|Any CPU.ActiveCfg = Rel64|Any CPU
		{C9B5044D-E84C-4C7B-B7C9-F0FD7EFDDE3C}.Rel64|Any CPU.Build.0 = Rel64|Any CPU
		{C9B5044D-E84C-4C7B-B7C9-F0FD7EFDDE3C}.Release|Any CPU.ActiveCfg = Release|Any CPU
		{C9B5044D-E84C-4C7B-B7C9-F0FD7EFDDE3C}.Release|Any CPU.Build.0 = Release|Any CPU
	EndGlobalSection
	GlobalSection(SolutionProperties) = preSolution
		HideSolutionNode = FALSE
	EndGlobalSection
EndGlobal
