
Microsoft Visual Studio Solution File, Format Version 11.00
# Visual Studio 2010
Project("{FAE04EC0-301F-11D3-BF4B-00C04F79EFBC}") = "K2RTDRequestHandler", "K2RTDRequestHandler.csproj", "{DAA12868-8870-4318-98DB-B54D5380D666}"
EndProject
Project("{FAE04EC0-301F-11D3-BF4B-00C04F79EFBC}") = "K2RTDServerKit", "..\K2RTDServerKit\K2RTDServerKit.csproj", "{1974F486-0807-44A3-9BB9-3C425E1F16A3}"
EndProject
Project("{FAE04EC0-301F-11D3-BF4B-00C04F79EFBC}") = "K2RTDHandlerTest", "..\K2RTDHandlerTest\K2RTDHandlerTest.csproj", "{F5F2BD32-80AF-4718-94F2-BEFB36E71D45}"
EndProject
Project("{FAE04EC0-301F-11D3-BF4B-00C04F79EFBC}") = "K2Gateway", "..\K2Gateway\K2Gateway.csproj", "{C9B5044D-E84C-4C7B-B7C9-F0FD7EFDDE3C}"
EndProject
Global
	GlobalSection(SolutionConfigurationPlatforms) = preSolution
		Debug|Any CPU = Debug|Any CPU
		Debug|Mixed Platforms = Debug|Mixed Platforms
		Debug|x86 = Debug|x86
		REL32|Any CPU = REL32|Any CPU
		REL32|Mixed Platforms = REL32|Mixed Platforms
		REL32|x86 = REL32|x86
		Rel64|Any CPU = Rel64|Any CPU
		Rel64|Mixed Platforms = Rel64|Mixed Platforms
		Rel64|x86 = Rel64|x86
		Release|Any CPU = Release|Any CPU
		Release|Mixed Platforms = Release|Mixed Platforms
		Release|x86 = Release|x86
	EndGlobalSection
	GlobalSection(ProjectConfigurationPlatforms) = postSolution
		{DAA12868-8870-4318-98DB-B54D5380D666}.Debug|Any CPU.ActiveCfg = Debug|Any CPU
		{DAA12868-8870-4318-98DB-B54D5380D666}.Debug|Any CPU.Build.0 = Debug|Any CPU
		{DAA12868-8870-4318-98DB-B54D5380D666}.Debug|Mixed Platforms.ActiveCfg = Debug|Any CPU
		{DAA12868-8870-4318-98DB-B54D5380D666}.Debug|Mixed Platforms.Build.0 = Debug|Any CPU
		{DAA12868-8870-4318-98DB-B54D5380D666}.Debug|x86.ActiveCfg = Debug|Any CPU
		{DAA12868-8870-4318-98DB-B54D5380D666}.REL32|Any CPU.ActiveCfg = Release|Any CPU
		{DAA12868-8870-4318-98DB-B54D5380D666}.REL32|Any CPU.Build.0 = Release|Any CPU
		{DAA12868-8870-4318-98DB-B54D5380D666}.REL32|Mixed Platforms.ActiveCfg = Release|Any CPU
		{DAA12868-8870-4318-98DB-B54D5380D666}.REL32|Mixed Platforms.Build.0 = Release|Any CPU
		{DAA12868-8870-4318-98DB-B54D5380D666}.REL32|x86.ActiveCfg = Release|Any CPU
		{DAA12868-8870-4318-98DB-B54D5380D666}.Rel64|Any CPU.ActiveCfg = Release|Any CPU
		{DAA12868-8870-4318-98DB-B54D5380D666}.Rel64|Any CPU.Build.0 = Release|Any CPU
		{DAA12868-8870-4318-98DB-B54D5380D666}.Rel64|Mixed Platforms.ActiveCfg = Release|Any CPU
		{DAA12868-8870-4318-98DB-B54D5380D666}.Rel64|Mixed Platforms.Build.0 = Release|Any CPU
		{DAA12868-8870-4318-98DB-B54D5380D666}.Rel64|x86.ActiveCfg = Release|Any CPU
		{DAA12868-8870-4318-98DB-B54D5380D666}.Release|Any CPU.ActiveCfg = Release|Any CPU
		{DAA12868-8870-4318-98DB-B54D5380D666}.Release|Any CPU.Build.0 = Release|Any CPU
		{DAA12868-8870-4318-98DB-B54D5380D666}.Release|Mixed Platforms.ActiveCfg = Release|Any CPU
		{DAA12868-8870-4318-98DB-B54D5380D666}.Release|Mixed Platforms.Build.0 = Release|Any CPU
		{DAA12868-8870-4318-98DB-B54D5380D666}.Release|x86.ActiveCfg = Release|Any CPU
		{1974F486-0807-44A3-9BB9-3C425E1F16A3}.Debug|Any CPU.ActiveCfg = Debug|Any CPU
		{1974F486-0807-44A3-9BB9-3C425E1F16A3}.Debug|Any CPU.Build.0 = Debug|Any CPU
		{1974F486-0807-44A3-9BB9-3C425E1F16A3}.Debug|Mixed Platforms.ActiveCfg = Debug|Any CPU
		{1974F486-0807-44A3-9BB9-3C425E1F16A3}.Debug|Mixed Platforms.Build.0 = Debug|Any CPU
		{1974F486-0807-44A3-9BB9-3C425E1F16A3}.Debug|x86.ActiveCfg = Debug|Any CPU
		{1974F486-0807-44A3-9BB9-3C425E1F16A3}.REL32|Any CPU.ActiveCfg = Release|Any CPU
		{1974F486-0807-44A3-9BB9-3C425E1F16A3}.REL32|Any CPU.Build.0 = Release|Any CPU
		{1974F486-0807-44A3-9BB9-3C425E1F16A3}.REL32|Mixed Platforms.ActiveCfg = Release|Any CPU
		{1974F486-0807-44A3-9BB9-3C425E1F16A3}.REL32|Mixed Platforms.Build.0 = Release|Any CPU
		{1974F486-0807-44A3-9BB9-3C425E1F16A3}.REL32|x86.ActiveCfg = Release|Any CPU
		{1974F486-0807-44A3-9BB9-3C425E1F16A3}.Rel64|Any CPU.ActiveCfg = Release|Any CPU
		{1974F486-0807-44A3-9BB9-3C425E1F16A3}.Rel64|Any CPU.Build.0 = Release|Any CPU
		{1974F486-0807-44A3-9BB9-3C425E1F16A3}.Rel64|Mixed Platforms.ActiveCfg = Release|Any CPU
		{1974F486-0807-44A3-9BB9-3C425E1F16A3}.Rel64|Mixed Platforms.Build.0 = Release|Any CPU
		{1974F486-0807-44A3-9BB9-3C425E1F16A3}.Rel64|x86.ActiveCfg = Release|Any CPU
		{1974F486-0807-44A3-9BB9-3C425E1F16A3}.Release|Any CPU.ActiveCfg = Release|Any CPU
		{1974F486-0807-44A3-9BB9-3C425E1F16A3}.Release|Any CPU.Build.0 = Release|Any CPU
		{1974F486-0807-44A3-9BB9-3C425E1F16A3}.Release|Mixed Platforms.ActiveCfg = Release|Any CPU
		{1974F486-0807-44A3-9BB9-3C425E1F16A3}.Release|Mixed Platforms.Build.0 = Release|Any CPU
		{1974F486-0807-44A3-9BB9-3C425E1F16A3}.Release|x86.ActiveCfg = Release|Any CPU
		{F5F2BD32-80AF-4718-94F2-BEFB36E71D45}.Debug|Any CPU.ActiveCfg = Debug|x86
		{F5F2BD32-80AF-4718-94F2-BEFB36E71D45}.Debug|Mixed Platforms.ActiveCfg = Debug|x86
		{F5F2BD32-80AF-4718-94F2-BEFB36E71D45}.Debug|Mixed Platforms.Build.0 = Debug|x86
		{F5F2BD32-80AF-4718-94F2-BEFB36E71D45}.Debug|x86.ActiveCfg = Debug|x86
		{F5F2BD32-80AF-4718-94F2-BEFB36E71D45}.Debug|x86.Build.0 = Debug|x86
		{F5F2BD32-80AF-4718-94F2-BEFB36E71D45}.REL32|Any CPU.ActiveCfg = Release|x86
		{F5F2BD32-80AF-4718-94F2-BEFB36E71D45}.REL32|Mixed Platforms.ActiveCfg = Release|x86
		{F5F2BD32-80AF-4718-94F2-BEFB36E71D45}.REL32|Mixed Platforms.Build.0 = Release|x86
		{F5F2BD32-80AF-4718-94F2-BEFB36E71D45}.REL32|x86.ActiveCfg = Release|x86
		{F5F2BD32-80AF-4718-94F2-BEFB36E71D45}.REL32|x86.Build.0 = Release|x86
		{F5F2BD32-80AF-4718-94F2-BEFB36E71D45}.Rel64|Any CPU.ActiveCfg = Release|x86
		{F5F2BD32-80AF-4718-94F2-BEFB36E71D45}.Rel64|Mixed Platforms.ActiveCfg = Release|x86
		{F5F2BD32-80AF-4718-94F2-BEFB36E71D45}.Rel64|Mixed Platforms.Build.0 = Release|x86
		{F5F2BD32-80AF-4718-94F2-BEFB36E71D45}.Rel64|x86.ActiveCfg = Release|x86
		{F5F2BD32-80AF-4718-94F2-BEFB36E71D45}.Rel64|x86.Build.0 = Release|x86
		{F5F2BD32-80AF-4718-94F2-BEFB36E71D45}.Release|Any CPU.ActiveCfg = Release|x86
		{F5F2BD32-80AF-4718-94F2-BEFB36E71D45}.Release|Mixed Platforms.ActiveCfg = Release|x86
		{F5F2BD32-80AF-4718-94F2-BEFB36E71D45}.Release|Mixed Platforms.Build.0 = Release|x86
		{F5F2BD32-80AF-4718-94F2-BEFB36E71D45}.Release|x86.ActiveCfg = Release|x86
		{F5F2BD32-80AF-4718-94F2-BEFB36E71D45}.Release|x86.Build.0 = Release|x86
		{C9B5044D-E84C-4C7B-B7C9-F0FD7EFDDE3C}.Debug|Any CPU.ActiveCfg = Debug|Any CPU
		{C9B5044D-E84C-4C7B-B7C9-F0FD7EFDDE3C}.Debug|Any CPU.Build.0 = Debug|Any CPU
		{C9B5044D-E84C-4C7B-B7C9-F0FD7EFDDE3C}.Debug|Mixed Platforms.ActiveCfg = Debug|Any CPU
		{C9B5044D-E84C-4C7B-B7C9-F0FD7EFDDE3C}.Debug|Mixed Platforms.Build.0 = Debug|Any CPU
		{C9B5044D-E84C-4C7B-B7C9-F0FD7EFDDE3C}.Debug|x86.ActiveCfg = Debug|Any CPU
		{C9B5044D-E84C-4C7B-B7C9-F0FD7EFDDE3C}.REL32|Any CPU.ActiveCfg = REL32|Any CPU
		{C9B5044D-E84C-4C7B-B7C9-F0FD7EFDDE3C}.REL32|Any CPU.Build.0 = REL32|Any CPU
		{C9B5044D-E84C-4C7B-B7C9-F0FD7EFDDE3C}.REL32|Mixed Platforms.ActiveCfg = REL32|Any CPU
		{C9B5044D-E84C-4C7B-B7C9-F0FD7EFDDE3C}.REL32|Mixed Platforms.Build.0 = REL32|Any CPU
		{C9B5044D-E84C-4C7B-B7C9-F0FD7EFDDE3C}.REL32|x86.ActiveCfg = REL32|Any CPU
		{C9B5044D-E84C-4C7B-B7C9-F0FD7EFDDE3C}.Rel64|Any CPU.ActiveCfg = Rel64|Any CPU
		{C9B5044D-E84C-4C7B-B7C9-F0FD7EFDDE3C}.Rel64|Any CPU.Build.0 = Rel64|Any CPU
		{C9B5044D-E84C-4C7B-B7C9-F0FD7EFDDE3C}.Rel64|Mixed Platforms.ActiveCfg = Rel64|Any CPU
		{C9B5044D-E84C-4C7B-B7C9-F0FD7EFDDE3C}.Rel64|Mixed Platforms.Build.0 = Rel64|Any CPU
		{C9B5044D-E84C-4C7B-B7C9-F0FD7EFDDE3C}.Rel64|x86.ActiveCfg = Rel64|Any CPU
		{C9B5044D-E84C-4C7B-B7C9-F0FD7EFDDE3C}.Release|Any CPU.ActiveCfg = Release|Any CPU
		{C9B5044D-E84C-4C7B-B7C9-F0FD7EFDDE3C}.Release|Any CPU.Build.0 = Release|Any CPU
		{C9B5044D-E84C-4C7B-B7C9-F0FD7EFDDE3C}.Release|Mixed Platforms.ActiveCfg = Release|Any CPU
		{C9B5044D-E84C-4C7B-B7C9-F0FD7EFDDE3C}.Release|Mixed Platforms.Build.0 = Release|Any CPU
		{C9B5044D-E84C-4C7B-B7C9-F0FD7EFDDE3C}.Release|x86.ActiveCfg = Release|Any CPU
	EndGlobalSection
	GlobalSection(SolutionProperties) = preSolution
		HideSolutionNode = FALSE
	EndGlobalSection
EndGlobal
