
Microsoft Visual Studio Solution File, Format Version 11.00
# Visual Studio 2010
Project("{FAE04EC0-301F-11D3-BF4B-00C04F79EFBC}") = "KRTD", "KRTD.csproj", "{FD691308-EBA0-4191-9EC3-2E9B9A0D6261}"
EndProject
Project("{FAE04EC0-301F-11D3-BF4B-00C04F79EFBC}") = "K2Gateway", "..\..\K2Gateway\K2Gateway.csproj", "{C9B5044D-E84C-4C7B-B7C9-F0FD7EFDDE3C}"
EndProject
Project("{FAE04EC0-301F-11D3-BF4B-00C04F79EFBC}") = "K2BaseSvrClient", "..\..\K2BaseSvrClient\K2BaseSvrClient.csproj", "{5235A756-E6D6-4311-8342-2B5BD960FD94}"
EndProject
Project("{FAE04EC0-301F-11D3-BF4B-00C04F79EFBC}") = "KTRTestApp", "..\..\KTRTestApp\KTRTestApp.csproj", "{9204EE39-97C9-4878-BA71-BF0DD461E223}"
EndProject
Project("{54435603-DBB4-11D2-8724-00A0C9A8B90C}") = "K2RTDX64Installer", "..\K2RTDX64Installer\K2RTDX64Installer.vdproj", "{7F4C0F6A-B26A-4D5D-B850-3E8B6C32973A}"
EndProject
Project("{54435603-DBB4-11D2-8724-00A0C9A8B90C}") = "K2RTDX32Installer", "..\K2RTDX32Installer\K2RTDX32Installer.vdproj", "{1E3764CD-0448-426A-9FBD-1A74B5DA667B}"
EndProject
Global
	GlobalSection(SolutionConfigurationPlatforms) = preSolution
		Debug|Any CPU = Debug|Any CPU
		Debug|x64 = Debug|x64
		Debug|x86 = Debug|x86
		REL32|Any CPU = REL32|Any CPU
		REL32|x64 = REL32|x64
		REL32|x86 = REL32|x86
		Release|Any CPU = Release|Any CPU
		Release|x64 = Release|x64
		Release|x86 = Release|x86
	EndGlobalSection
	GlobalSection(ProjectConfigurationPlatforms) = postSolution
		{FD691308-EBA0-4191-9EC3-2E9B9A0D6261}.Debug|Any CPU.ActiveCfg = Debug|Any CPU
		{FD691308-EBA0-4191-9EC3-2E9B9A0D6261}.Debug|Any CPU.Build.0 = Debug|Any CPU
		{FD691308-EBA0-4191-9EC3-2E9B9A0D6261}.Debug|x64.ActiveCfg = Debug|Any CPU
		{FD691308-EBA0-4191-9EC3-2E9B9A0D6261}.Debug|x86.ActiveCfg = Debug|Any CPU
		{FD691308-EBA0-4191-9EC3-2E9B9A0D6261}.REL32|Any CPU.ActiveCfg = REL32|Any CPU
		{FD691308-EBA0-4191-9EC3-2E9B9A0D6261}.REL32|Any CPU.Build.0 = REL32|Any CPU
		{FD691308-EBA0-4191-9EC3-2E9B9A0D6261}.REL32|x64.ActiveCfg = REL32|Any CPU
		{FD691308-EBA0-4191-9EC3-2E9B9A0D6261}.REL32|x86.ActiveCfg = REL32|Any CPU
		{FD691308-EBA0-4191-9EC3-2E9B9A0D6261}.Release|Any CPU.ActiveCfg = Release|Any CPU
		{FD691308-EBA0-4191-9EC3-2E9B9A0D6261}.Release|Any CPU.Build.0 = Release|Any CPU
		{FD691308-EBA0-4191-9EC3-2E9B9A0D6261}.Release|x64.ActiveCfg = Release|Any CPU
		{FD691308-EBA0-4191-9EC3-2E9B9A0D6261}.Release|x64.Build.0 = Release|Any CPU
		{FD691308-EBA0-4191-9EC3-2E9B9A0D6261}.Release|x86.ActiveCfg = Release|Any CPU
		{C9B5044D-E84C-4C7B-B7C9-F0FD7EFDDE3C}.Debug|Any CPU.ActiveCfg = Debug|Any CPU
		{C9B5044D-E84C-4C7B-B7C9-F0FD7EFDDE3C}.Debug|Any CPU.Build.0 = Debug|Any CPU
		{C9B5044D-E84C-4C7B-B7C9-F0FD7EFDDE3C}.Debug|x64.ActiveCfg = Debug|Any CPU
		{C9B5044D-E84C-4C7B-B7C9-F0FD7EFDDE3C}.Debug|x86.ActiveCfg = Debug|Any CPU
		{C9B5044D-E84C-4C7B-B7C9-F0FD7EFDDE3C}.REL32|Any CPU.ActiveCfg = REL32|Any CPU
		{C9B5044D-E84C-4C7B-B7C9-F0FD7EFDDE3C}.REL32|Any CPU.Build.0 = REL32|Any CPU
		{C9B5044D-E84C-4C7B-B7C9-F0FD7EFDDE3C}.REL32|x64.ActiveCfg = REL32|Any CPU
		{C9B5044D-E84C-4C7B-B7C9-F0FD7EFDDE3C}.REL32|x86.ActiveCfg = REL32|Any CPU
		{C9B5044D-E84C-4C7B-B7C9-F0FD7EFDDE3C}.Release|Any CPU.ActiveCfg = Release|Any CPU
		{C9B5044D-E84C-4C7B-B7C9-F0FD7EFDDE3C}.Release|Any CPU.Build.0 = Release|Any CPU
		{C9B5044D-E84C-4C7B-B7C9-F0FD7EFDDE3C}.Release|x64.ActiveCfg = Release|Any CPU
		{C9B5044D-E84C-4C7B-B7C9-F0FD7EFDDE3C}.Release|x64.Build.0 = Release|Any CPU
		{C9B5044D-E84C-4C7B-B7C9-F0FD7EFDDE3C}.Release|x86.ActiveCfg = Release|Any CPU
		{5235A756-E6D6-4311-8342-2B5BD960FD94}.Debug|Any CPU.ActiveCfg = Debug|Any CPU
		{5235A756-E6D6-4311-8342-2B5BD960FD94}.Debug|Any CPU.Build.0 = Debug|Any CPU
		{5235A756-E6D6-4311-8342-2B5BD960FD94}.Debug|x64.ActiveCfg = Debug|Any CPU
		{5235A756-E6D6-4311-8342-2B5BD960FD94}.Debug|x86.ActiveCfg = Debug|Any CPU
		{5235A756-E6D6-4311-8342-2B5BD960FD94}.REL32|Any CPU.ActiveCfg = REL32|Any CPU
		{5235A756-E6D6-4311-8342-2B5BD960FD94}.REL32|Any CPU.Build.0 = REL32|Any CPU
		{5235A756-E6D6-4311-8342-2B5BD960FD94}.REL32|x64.ActiveCfg = REL32|Any CPU
		{5235A756-E6D6-4311-8342-2B5BD960FD94}.REL32|x86.ActiveCfg = REL32|Any CPU
		{5235A756-E6D6-4311-8342-2B5BD960FD94}.Release|Any CPU.ActiveCfg = Release|Any CPU
		{5235A756-E6D6-4311-8342-2B5BD960FD94}.Release|Any CPU.Build.0 = Release|Any CPU
		{5235A756-E6D6-4311-8342-2B5BD960FD94}.Release|x64.ActiveCfg = Release|Any CPU
		{5235A756-E6D6-4311-8342-2B5BD960FD94}.Release|x64.Build.0 = Release|Any CPU
		{5235A756-E6D6-4311-8342-2B5BD960FD94}.Release|x86.ActiveCfg = Release|Any CPU
		{9204EE39-97C9-4878-BA71-BF0DD461E223}.Debug|Any CPU.ActiveCfg = Debug|Any CPU
		{9204EE39-97C9-4878-BA71-BF0DD461E223}.Debug|Any CPU.Build.0 = Debug|Any CPU
		{9204EE39-97C9-4878-BA71-BF0DD461E223}.Debug|x64.ActiveCfg = Debug|Any CPU
		{9204EE39-97C9-4878-BA71-BF0DD461E223}.Debug|x86.ActiveCfg = Debug|Any CPU
		{9204EE39-97C9-4878-BA71-BF0DD461E223}.REL32|Any CPU.ActiveCfg = REL32|Any CPU
		{9204EE39-97C9-4878-BA71-BF0DD461E223}.REL32|Any CPU.Build.0 = REL32|Any CPU
		{9204EE39-97C9-4878-BA71-BF0DD461E223}.REL32|x64.ActiveCfg = REL32|Any CPU
		{9204EE39-97C9-4878-BA71-BF0DD461E223}.REL32|x86.ActiveCfg = REL32|Any CPU
		{9204EE39-97C9-4878-BA71-BF0DD461E223}.Release|Any CPU.ActiveCfg = Release|Any CPU
		{9204EE39-97C9-4878-BA71-BF0DD461E223}.Release|Any CPU.Build.0 = Release|Any CPU
		{9204EE39-97C9-4878-BA71-BF0DD461E223}.Release|x64.ActiveCfg = Release|Any CPU
		{9204EE39-97C9-4878-BA71-BF0DD461E223}.Release|x64.Build.0 = Release|Any CPU
		{9204EE39-97C9-4878-BA71-BF0DD461E223}.Release|x86.ActiveCfg = Release|Any CPU
		{7F4C0F6A-B26A-4D5D-B850-3E8B6C32973A}.Debug|Any CPU.ActiveCfg = Debug
		{7F4C0F6A-B26A-4D5D-B850-3E8B6C32973A}.Debug|x64.ActiveCfg = Debug
		{7F4C0F6A-B26A-4D5D-B850-3E8B6C32973A}.Debug|x64.Build.0 = Debug
		{7F4C0F6A-B26A-4D5D-B850-3E8B6C32973A}.Debug|x86.ActiveCfg = Debug
		{7F4C0F6A-B26A-4D5D-B850-3E8B6C32973A}.Debug|x86.Build.0 = Debug
		{7F4C0F6A-B26A-4D5D-B850-3E8B6C32973A}.REL32|Any CPU.ActiveCfg = REL32
		{7F4C0F6A-B26A-4D5D-B850-3E8B6C32973A}.REL32|Any CPU.Build.0 = REL32
		{7F4C0F6A-B26A-4D5D-B850-3E8B6C32973A}.REL32|x64.ActiveCfg = REL32
		{7F4C0F6A-B26A-4D5D-B850-3E8B6C32973A}.REL32|x64.Build.0 = REL32
		{7F4C0F6A-B26A-4D5D-B850-3E8B6C32973A}.REL32|x86.ActiveCfg = REL32
		{7F4C0F6A-B26A-4D5D-B850-3E8B6C32973A}.REL32|x86.Build.0 = REL32
		{7F4C0F6A-B26A-4D5D-B850-3E8B6C32973A}.Release|Any CPU.ActiveCfg = Release
		{7F4C0F6A-B26A-4D5D-B850-3E8B6C32973A}.Release|x64.ActiveCfg = Release
		{7F4C0F6A-B26A-4D5D-B850-3E8B6C32973A}.Release|x64.Build.0 = Release
		{7F4C0F6A-B26A-4D5D-B850-3E8B6C32973A}.Release|x86.ActiveCfg = Release
		{7F4C0F6A-B26A-4D5D-B850-3E8B6C32973A}.Release|x86.Build.0 = Release
		{1E3764CD-0448-426A-9FBD-1A74B5DA667B}.Debug|Any CPU.ActiveCfg = Debug
		{1E3764CD-0448-426A-9FBD-1A74B5DA667B}.Debug|x64.ActiveCfg = Debug
		{1E3764CD-0448-426A-9FBD-1A74B5DA667B}.Debug|x86.ActiveCfg = Debug
		{1E3764CD-0448-426A-9FBD-1A74B5DA667B}.REL32|Any CPU.ActiveCfg = REL32
		{1E3764CD-0448-426A-9FBD-1A74B5DA667B}.REL32|x64.ActiveCfg = REL32
		{1E3764CD-0448-426A-9FBD-1A74B5DA667B}.REL32|x64.Build.0 = REL32
		{1E3764CD-0448-426A-9FBD-1A74B5DA667B}.REL32|x86.ActiveCfg = REL32
		{1E3764CD-0448-426A-9FBD-1A74B5DA667B}.REL32|x86.Build.0 = REL32
		{1E3764CD-0448-426A-9FBD-1A74B5DA667B}.Release|Any CPU.ActiveCfg = Release
		{1E3764CD-0448-426A-9FBD-1A74B5DA667B}.Release|x64.ActiveCfg = Release
		{1E3764CD-0448-426A-9FBD-1A74B5DA667B}.Release|x86.ActiveCfg = Release
	EndGlobalSection
	GlobalSection(SolutionProperties) = preSolution
		HideSolutionNode = FALSE
	EndGlobalSection
EndGlobal
